
Microsoft Visual Studio Solution File, Format Version 12.00
# Visual Studio 15
VisualStudioVersion = 15.0.28010.2026
MinimumVisualStudioVersion = 10.0.40219.1
Project("{00D1A9C2-B5F0-4AF3-8072-F6C62B433612}") = "HumanResourcesDB", "HumanResourcesDB\HumanResourcesDB.sqlproj", "{499F4A38-966F-4665-80DB-4C23AD7FD538}"
EndProject
Global
	GlobalSection(SolutionConfigurationPlatforms) = preSolution
		Debug|Any CPU = Debug|Any CPU
		Release|Any CPU = Release|Any CPU
	EndGlobalSection
	GlobalSection(ProjectConfigurationPlatforms) = postSolution
		{499F4A38-966F-4665-80DB-4C23AD7FD538}.Debug|Any CPU.ActiveCfg = Debug|Any CPU
		{499F4A38-966F-4665-80DB-4C23AD7FD538}.Debug|Any CPU.Build.0 = Debug|Any CPU
		{499F4A38-966F-4665-80DB-4C23AD7FD538}.Debug|Any CPU.Deploy.0 = Debug|Any CPU
		{499F4A38-966F-4665-80DB-4C23AD7FD538}.Release|Any CPU.ActiveCfg = Release|Any CPU
		{499F4A38-966F-4665-80DB-4C23AD7FD538}.Release|Any CPU.Build.0 = Release|Any CPU
		{499F4A38-966F-4665-80DB-4C23AD7FD538}.Release|Any CPU.Deploy.0 = Release|Any CPU
	EndGlobalSection
	GlobalSection(SolutionProperties) = preSolution
		HideSolutionNode = FALSE
	EndGlobalSection
	GlobalSection(ExtensibilityGlobals) = postSolution
		SolutionGuid = {9FE848F0-BD48-4CC7-AE2F-08EA3B881488}
	EndGlobalSection
EndGlobal
